
Microsoft Visual Studio Solution File, Format Version 12.00
# Visual Studio Version 17
VisualStudioVersion = 17.9.34607.119
MinimumVisualStudioVersion = 10.0.40219.1
Project("{FAE04EC0-301F-11D3-BF4B-00C04F79EFBC}") = "ProyectoTodoFrenosWeb", "ProyectoTodoFrenosWeb\ProyectoTodoFrenosWeb.csproj", "{C0881827-26A3-4828-983C-FE2AD0C0C1CE}"
EndProject
Global
	GlobalSection(SolutionConfigurationPlatforms) = preSolution
		Debug|Any CPU = Debug|Any CPU
		Release|Any CPU = Release|Any CPU
	EndGlobalSection
	GlobalSection(ProjectConfigurationPlatforms) = postSolution
		{C0881827-26A3-4828-983C-FE2AD0C0C1CE}.Debug|Any CPU.ActiveCfg = Debug|Any CPU
		{C0881827-26A3-4828-983C-FE2AD0C0C1CE}.Debug|Any CPU.Build.0 = Debug|Any CPU
		{C0881827-26A3-4828-983C-FE2AD0C0C1CE}.Release|Any CPU.ActiveCfg = Release|Any CPU
		{C0881827-26A3-4828-983C-FE2AD0C0C1CE}.Release|Any CPU.Build.0 = Release|Any CPU
	EndGlobalSection
	GlobalSection(SolutionProperties) = preSolution
		HideSolutionNode = FALSE
	EndGlobalSection
	GlobalSection(ExtensibilityGlobals) = postSolution
		SolutionGuid = {07307736-C6CD-49E4-947D-81B1FB194C41}
	EndGlobalSection
EndGlobal
